
Microsoft Visual Studio Solution File, Format Version 12.00
# Visual Studio Version 16
VisualStudioVersion = 16.0.810.7
MinimumVisualStudioVersion = 10.0.40219.1
Project("{FAE04EC0-301F-11D3-BF4B-00C04F79EFBC}") = "Movies.Api", "Movies.Api\Movies.Api.csproj", "{9D15380D-4814-4175-A505-2ED26D87A2D3}"
EndProject
Project("{FAE04EC0-301F-11D3-BF4B-00C04F79EFBC}") = "Movies.Logic", "Movies.Logic\Movies.Logic.csproj", "{2E3FB9BA-09DE-41E9-9469-211E0C8E0F86}"
EndProject
Project("{FAE04EC0-301F-11D3-BF4B-00C04F79EFBC}") = "Movies.Tests", "Movies.Tests\Movies.Tests.csproj", "{58A6F4AE-765F-4C85-80D8-68BD1C88B690}"
EndProject
Project("{FAE04EC0-301F-11D3-BF4B-00C04F79EFBC}") = "Movies.Ui", "Movies.Ui\Movies.Ui.csproj", "{87675426-4025-4F55-ACE6-20EFEBDB6210}"
EndProject
Global
	GlobalSection(SolutionConfigurationPlatforms) = preSolution
		Debug|Any CPU = Debug|Any CPU
		Release|Any CPU = Release|Any CPU
	EndGlobalSection
	GlobalSection(ProjectConfigurationPlatforms) = postSolution
		{9D15380D-4814-4175-A505-2ED26D87A2D3}.Debug|Any CPU.ActiveCfg = Debug|Any CPU
		{9D15380D-4814-4175-A505-2ED26D87A2D3}.Debug|Any CPU.Build.0 = Debug|Any CPU
		{9D15380D-4814-4175-A505-2ED26D87A2D3}.Release|Any CPU.ActiveCfg = Release|Any CPU
		{9D15380D-4814-4175-A505-2ED26D87A2D3}.Release|Any CPU.Build.0 = Release|Any CPU
		{2E3FB9BA-09DE-41E9-9469-211E0C8E0F86}.Debug|Any CPU.ActiveCfg = Debug|Any CPU
		{2E3FB9BA-09DE-41E9-9469-211E0C8E0F86}.Debug|Any CPU.Build.0 = Debug|Any CPU
		{2E3FB9BA-09DE-41E9-9469-211E0C8E0F86}.Release|Any CPU.ActiveCfg = Release|Any CPU
		{2E3FB9BA-09DE-41E9-9469-211E0C8E0F86}.Release|Any CPU.Build.0 = Release|Any CPU
		{58A6F4AE-765F-4C85-80D8-68BD1C88B690}.Debug|Any CPU.ActiveCfg = Debug|Any CPU
		{58A6F4AE-765F-4C85-80D8-68BD1C88B690}.Debug|Any CPU.Build.0 = Debug|Any CPU
		{58A6F4AE-765F-4C85-80D8-68BD1C88B690}.Release|Any CPU.ActiveCfg = Release|Any CPU
		{58A6F4AE-765F-4C85-80D8-68BD1C88B690}.Release|Any CPU.Build.0 = Release|Any CPU
		{87675426-4025-4F55-ACE6-20EFEBDB6210}.Debug|Any CPU.ActiveCfg = Debug|Any CPU
		{87675426-4025-4F55-ACE6-20EFEBDB6210}.Debug|Any CPU.Build.0 = Debug|Any CPU
		{87675426-4025-4F55-ACE6-20EFEBDB6210}.Release|Any CPU.ActiveCfg = Release|Any CPU
		{87675426-4025-4F55-ACE6-20EFEBDB6210}.Release|Any CPU.Build.0 = Release|Any CPU
	EndGlobalSection
	GlobalSection(SolutionProperties) = preSolution
		HideSolutionNode = FALSE
	EndGlobalSection
	GlobalSection(ExtensibilityGlobals) = postSolution
		SolutionGuid = {A8459CFB-BE6E-4A4E-AE62-A0F7931C882C}
	EndGlobalSection
EndGlobal
